
Microsoft Visual Studio Solution File, Format Version 12.00
# Visual Studio Version 17
VisualStudioVersion = 17.13.35931.197 d17.13
MinimumVisualStudioVersion = 10.0.40219.1
Project("{FAE04EC0-301F-11D3-BF4B-00C04F79EFBC}") = "MyNewProject", "MyNewProject\MyNewProject.csproj", "{3CB35406-E074-4279-9409-5A8EB24CF23D}"
EndProject
Global
	GlobalSection(SolutionConfigurationPlatforms) = preSolution
		Debug|Any CPU = Debug|Any CPU
		Release|Any CPU = Release|Any CPU
	EndGlobalSection
	GlobalSection(ProjectConfigurationPlatforms) = postSolution
		{3CB35406-E074-4279-9409-5A8EB24CF23D}.Debug|Any CPU.ActiveCfg = Debug|Any CPU
		{3CB35406-E074-4279-9409-5A8EB24CF23D}.Debug|Any CPU.Build.0 = Debug|Any CPU
		{3CB35406-E074-4279-9409-5A8EB24CF23D}.Release|Any CPU.ActiveCfg = Release|Any CPU
		{3CB35406-E074-4279-9409-5A8EB24CF23D}.Release|Any CPU.Build.0 = Release|Any CPU
	EndGlobalSection
	GlobalSection(SolutionProperties) = preSolution
		HideSolutionNode = FALSE
	EndGlobalSection
	GlobalSection(ExtensibilityGlobals) = postSolution
		SolutionGuid = {EFA91AF8-0119-4DEA-B801-22A0DCB5871A}
	EndGlobalSection
EndGlobal
